
Microsoft Visual Studio Solution File, Format Version 12.00
# Visual Studio Version 17
VisualStudioVersion = 17.7.34024.191
MinimumVisualStudioVersion = 10.0.40219.1
Project("{FAE04EC0-301F-11D3-BF4B-00C04F79EFBC}") = "ShulzhenkoVlad", "ShulzhenkoVlad.csproj", "{3EADFC52-7196-4765-91F6-75DEFA1738A7}"
EndProject
Global
	GlobalSection(SolutionConfigurationPlatforms) = preSolution
		Debug|Any CPU = Debug|Any CPU
		Release|Any CPU = Release|Any CPU
	EndGlobalSection
	GlobalSection(ProjectConfigurationPlatforms) = postSolution
		{3EADFC52-7196-4765-91F6-75DEFA1738A7}.Debug|Any CPU.ActiveCfg = Debug|Any CPU
		{3EADFC52-7196-4765-91F6-75DEFA1738A7}.Debug|Any CPU.Build.0 = Debug|Any CPU
		{3EADFC52-7196-4765-91F6-75DEFA1738A7}.Release|Any CPU.ActiveCfg = Release|Any CPU
		{3EADFC52-7196-4765-91F6-75DEFA1738A7}.Release|Any CPU.Build.0 = Release|Any CPU
	EndGlobalSection
	GlobalSection(SolutionProperties) = preSolution
		HideSolutionNode = FALSE
	EndGlobalSection
	GlobalSection(ExtensibilityGlobals) = postSolution
		SolutionGuid = {0BF27358-28E0-49B7-BC10-4FAA4D49F614}
	EndGlobalSection
EndGlobal
